Microsoft Visual Studio Solution File, Format Version 12.00
# Visual Studio 14
VisualStudioVersion = 14.0.25420.1
MinimumVisualStudioVersion = 10.0.40219.1
Project("{FAE04EC0-301F-11D3-BF4B-00C04F79EFBC}") = "SimpleSample", "SimpleSample\Shared\SimpleSample.csproj", "{5EC7CA1E-ACBC-4E55-942F-0AFB44303F8D}"
EndProject
Project("{FAE04EC0-301F-11D3-BF4B-00C04F79EFBC}") = "SimpleSample.iOS", "SimpleSample\iOS\SimpleSample.iOS.csproj", "{01FB566F-70FB-4749-8983-58451053F327}"
EndProject
Project("{FAE04EC0-301F-11D3-BF4B-00C04F79EFBC}") = "SimpleSample.Droid", "SimpleSample\Droid\SimpleSample.Droid.csproj", "{BB1C00C9-33D1-4F26-8C6A-949E0AD4C343}"
EndProject
Project("{FAE04EC0-301F-11D3-BF4B-00C04F79EFBC}") = "SimpleSample.Windows", "SimpleSample\Windows\SimpleSample.Windows.csproj", "{7DA6205C-D77D-4D0F-AFDE-E752A390E370}"
EndProject
Project("{FAE04EC0-301F-11D3-BF4B-00C04F79EFBC}") = "SimpleSample.WinPhone", "SimpleSample\WinPhone\SimpleSample.WinPhone.csproj", "{B9B55698-2DA7-4444-B020-C6A2A3C822F1}"
EndProject
Project("{FAE04EC0-301F-11D3-BF4B-00C04F79EFBC}") = "SimpleSample.UWP", "SimpleSample\UWP\SimpleSample.UWP.csproj", "{6F4E945E-40D1-49C9-8402-128832D8C955}"
EndProject
Global
	GlobalSection(SolutionConfigurationPlatforms) = preSolution
		Debug|Any CPU = Debug|Any CPU
		Debug|ARM = Debug|ARM
		Debug|iPhone = Debug|iPhone
		Debug|iPhoneSimulator = Debug|iPhoneSimulator
		Debug|x64 = Debug|x64
		Debug|x86 = Debug|x86
		Release|Any CPU = Release|Any CPU
		Release|ARM = Release|ARM
		Release|iPhone = Release|iPhone
		Release|iPhoneSimulator = Release|iPhoneSimulator
		Release|x64 = Release|x64
		Release|x86 = Release|x86
	EndGlobalSection
	GlobalSection(ProjectConfigurationPlatforms) = postSolution
		{5EC7CA1E-ACBC-4E55-942F-0AFB44303F8D}.Debug|Any CPU.ActiveCfg = Debug|Any CPU
		{5EC7CA1E-ACBC-4E55-942F-0AFB44303F8D}.Debug|Any CPU.Build.0 = Debug|Any CPU
		{5EC7CA1E-ACBC-4E55-942F-0AFB44303F8D}.Debug|ARM.ActiveCfg = Debug|Any CPU
		{5EC7CA1E-ACBC-4E55-942F-0AFB44303F8D}.Debug|ARM.Build.0 = Debug|Any CPU
		{5EC7CA1E-ACBC-4E55-942F-0AFB44303F8D}.Debug|iPhone.ActiveCfg = Debug|Any CPU
		{5EC7CA1E-ACBC-4E55-942F-0AFB44303F8D}.Debug|iPhone.Build.0 = Debug|Any CPU
		{5EC7CA1E-ACBC-4E55-942F-0AFB44303F8D}.Debug|iPhoneSimulator.ActiveCfg = Debug|Any CPU
		{5EC7CA1E-ACBC-4E55-942F-0AFB44303F8D}.Debug|iPhoneSimulator.Build.0 = Debug|Any CPU
		{5EC7CA1E-ACBC-4E55-942F-0AFB44303F8D}.Debug|x64.ActiveCfg = Debug|Any CPU
		{5EC7CA1E-ACBC-4E55-942F-0AFB44303F8D}.Debug|x64.Build.0 = Debug|Any CPU
		{5EC7CA1E-ACBC-4E55-942F-0AFB44303F8D}.Debug|x86.ActiveCfg = Debug|Any CPU
		{5EC7CA1E-ACBC-4E55-942F-0AFB44303F8D}.Debug|x86.Build.0 = Debug|Any CPU
		{5EC7CA1E-ACBC-4E55-942F-0AFB44303F8D}.Release|Any CPU.ActiveCfg = Release|Any CPU
		{5EC7CA1E-ACBC-4E55-942F-0AFB44303F8D}.Release|Any CPU.Build.0 = Release|Any CPU
		{5EC7CA1E-ACBC-4E55-942F-0AFB44303F8D}.Release|ARM.ActiveCfg = Release|Any CPU
		{5EC7CA1E-ACBC-4E55-942F-0AFB44303F8D}.Release|ARM.Build.0 = Release|Any CPU
		{5EC7CA1E-ACBC-4E55-942F-0AFB44303F8D}.Release|iPhone.ActiveCfg = Release|Any CPU
		{5EC7CA1E-ACBC-4E55-942F-0AFB44303F8D}.Release|iPhone.Build.0 = Release|Any CPU
		{5EC7CA1E-ACBC-4E55-942F-0AFB44303F8D}.Release|iPhoneSimulator.ActiveCfg = Release|Any CPU
		{5EC7CA1E-ACBC-4E55-942F-0AFB44303F8D}.Release|iPhoneSimulator.Build.0 = Release|Any CPU
		{5EC7CA1E-ACBC-4E55-942F-0AFB44303F8D}.Release|x64.ActiveCfg = Release|Any CPU
		{5EC7CA1E-ACBC-4E55-942F-0AFB44303F8D}.Release|x64.Build.0 = Release|Any CPU
		{5EC7CA1E-ACBC-4E55-942F-0AFB44303F8D}.Release|x86.ActiveCfg = Release|Any CPU
		{5EC7CA1E-ACBC-4E55-942F-0AFB44303F8D}.Release|x86.Build.0 = Release|Any CPU
		{01FB566F-70FB-4749-8983-58451053F327}.Debug|Any CPU.ActiveCfg = Debug|iPhoneSimulator
		{01FB566F-70FB-4749-8983-58451053F327}.Debug|ARM.ActiveCfg = Debug|iPhoneSimulator
		{01FB566F-70FB-4749-8983-58451053F327}.Debug|iPhone.ActiveCfg = Debug|iPhoneSimulator
		{01FB566F-70FB-4749-8983-58451053F327}.Debug|iPhoneSimulator.ActiveCfg = Debug|iPhoneSimulator
		{01FB566F-70FB-4749-8983-58451053F327}.Debug|x64.ActiveCfg = Debug|iPhoneSimulator
		{01FB566F-70FB-4749-8983-58451053F327}.Debug|x86.ActiveCfg = Debug|iPhoneSimulator
		{01FB566F-70FB-4749-8983-58451053F327}.Release|Any CPU.ActiveCfg = Release|iPhone
		{01FB566F-70FB-4749-8983-58451053F327}.Release|Any CPU.Build.0 = Release|iPhone
		{01FB566F-70FB-4749-8983-58451053F327}.Release|ARM.ActiveCfg = Release|iPhoneSimulator
		{01FB566F-70FB-4749-8983-58451053F327}.Release|iPhone.ActiveCfg = Release|iPhone
		{01FB566F-70FB-4749-8983-58451053F327}.Release|iPhone.Build.0 = Release|iPhone
		{01FB566F-70FB-4749-8983-58451053F327}.Release|iPhoneSimulator.ActiveCfg = Release|iPhoneSimulator
		{01FB566F-70FB-4749-8983-58451053F327}.Release|iPhoneSimulator.Build.0 = Release|iPhoneSimulator
		{01FB566F-70FB-4749-8983-58451053F327}.Release|x64.ActiveCfg = Release|iPhoneSimulator
		{01FB566F-70FB-4749-8983-58451053F327}.Release|x86.ActiveCfg = Release|iPhoneSimulator
		{BB1C00C9-33D1-4F26-8C6A-949E0AD4C343}.Debug|Any CPU.ActiveCfg = Debug|Any CPU
		{BB1C00C9-33D1-4F26-8C6A-949E0AD4C343}.Debug|Any CPU.Build.0 = Debug|Any CPU
		{BB1C00C9-33D1-4F26-8C6A-949E0AD4C343}.Debug|Any CPU.Deploy.0 = Debug|Any CPU
		{BB1C00C9-33D1-4F26-8C6A-949E0AD4C343}.Debug|ARM.ActiveCfg = Debug|Any CPU
		{BB1C00C9-33D1-4F26-8C6A-949E0AD4C343}.Debug|ARM.Build.0 = Debug|Any CPU
		{BB1C00C9-33D1-4F26-8C6A-949E0AD4C343}.Debug|ARM.Deploy.0 = Debug|Any CPU
		{BB1C00C9-33D1-4F26-8C6A-949E0AD4C343}.Debug|iPhone.ActiveCfg = Debug|Any CPU
		{BB1C00C9-33D1-4F26-8C6A-949E0AD4C343}.Debug|iPhone.Build.0 = Debug|Any CPU
		{BB1C00C9-33D1-4F26-8C6A-949E0AD4C343}.Debug|iPhone.Deploy.0 = Debug|Any CPU
		{BB1C00C9-33D1-4F26-8C6A-949E0AD4C343}.Debug|iPhoneSimulator.ActiveCfg = Debug|Any CPU
		{BB1C00C9-33D1-4F26-8C6A-949E0AD4C343}.Debug|iPhoneSimulator.Build.0 = Debug|Any CPU
		{BB1C00C9-33D1-4F26-8C6A-949E0AD4C343}.Debug|iPhoneSimulator.Deploy.0 = Debug|Any CPU
		{BB1C00C9-33D1-4F26-8C6A-949E0AD4C343}.Debug|x64.ActiveCfg = Debug|Any CPU
		{BB1C00C9-33D1-4F26-8C6A-949E0AD4C343}.Debug|x64.Build.0 = Debug|Any CPU
		{BB1C00C9-33D1-4F26-8C6A-949E0AD4C343}.Debug|x64.Deploy.0 = Debug|Any CPU
		{BB1C00C9-33D1-4F26-8C6A-949E0AD4C343}.Debug|x86.ActiveCfg = Debug|Any CPU
		{BB1C00C9-33D1-4F26-8C6A-949E0AD4C343}.Debug|x86.Build.0 = Debug|Any CPU
		{BB1C00C9-33D1-4F26-8C6A-949E0AD4C343}.Debug|x86.Deploy.0 = Debug|Any CPU
		{BB1C00C9-33D1-4F26-8C6A-949E0AD4C343}.Release|Any CPU.ActiveCfg = Release|Any CPU
		{BB1C00C9-33D1-4F26-8C6A-949E0AD4C343}.Release|Any CPU.Build.0 = Release|Any CPU
		{BB1C00C9-33D1-4F26-8C6A-949E0AD4C343}.Release|Any CPU.Deploy.0 = Release|Any CPU
		{BB1C00C9-33D1-4F26-8C6A-949E0AD4C343}.Release|ARM.ActiveCfg = Release|Any CPU
		{BB1C00C9-33D1-4F26-8C6A-949E0AD4C343}.Release|ARM.Build.0 = Release|Any CPU
		{BB1C00C9-33D1-4F26-8C6A-949E0AD4C343}.Release|ARM.Deploy.0 = Release|Any CPU
		{BB1C00C9-33D1-4F26-8C6A-949E0AD4C343}.Release|iPhone.ActiveCfg = Release|Any CPU
		{BB1C00C9-33D1-4F26-8C6A-949E0AD4C343}.Release|iPhone.Build.0 = Release|Any CPU
		{BB1C00C9-33D1-4F26-8C6A-949E0AD4C343}.Release|iPhoneSimulator.ActiveCfg = Release|Any CPU
		{BB1C00C9-33D1-4F26-8C6A-949E0AD4C343}.Release|iPhoneSimulator.Build.0 = Release|Any CPU
		{BB1C00C9-33D1-4F26-8C6A-949E0AD4C343}.Release|x64.ActiveCfg = Release|Any CPU
		{BB1C00C9-33D1-4F26-8C6A-949E0AD4C343}.Release|x64.Build.0 = Release|Any CPU
		{BB1C00C9-33D1-4F26-8C6A-949E0AD4C343}.Release|x64.Deploy.0 = Release|Any CPU
		{BB1C00C9-33D1-4F26-8C6A-949E0AD4C343}.Release|x86.ActiveCfg = Release|Any CPU
		{BB1C00C9-33D1-4F26-8C6A-949E0AD4C343}.Release|x86.Build.0 = Release|Any CPU
		{BB1C00C9-33D1-4F26-8C6A-949E0AD4C343}.Release|x86.Deploy.0 = Release|Any CPU
		{7DA6205C-D77D-4D0F-AFDE-E752A390E370}.Debug|Any CPU.ActiveCfg = Debug|x86
		{7DA6205C-D77D-4D0F-AFDE-E752A390E370}.Debug|Any CPU.Build.0 = Debug|x86
		{7DA6205C-D77D-4D0F-AFDE-E752A390E370}.Debug|Any CPU.Deploy.0 = Debug|x86
		{7DA6205C-D77D-4D0F-AFDE-E752A390E370}.Debug|ARM.ActiveCfg = Debug|ARM
		{7DA6205C-D77D-4D0F-AFDE-E752A390E370}.Debug|ARM.Build.0 = Debug|ARM
		{7DA6205C-D77D-4D0F-AFDE-E752A390E370}.Debug|ARM.Deploy.0 = Debug|ARM
		{7DA6205C-D77D-4D0F-AFDE-E752A390E370}.Debug|iPhone.ActiveCfg = Debug|x86
		{7DA6205C-D77D-4D0F-AFDE-E752A390E370}.Debug|iPhoneSimulator.ActiveCfg = Debug|x86
		{7DA6205C-D77D-4D0F-AFDE-E752A390E370}.Debug|x64.ActiveCfg = Debug|x64
		{7DA6205C-D77D-4D0F-AFDE-E752A390E370}.Debug|x64.Build.0 = Debug|x64
		{7DA6205C-D77D-4D0F-AFDE-E752A390E370}.Debug|x64.Deploy.0 = Debug|x64
		{7DA6205C-D77D-4D0F-AFDE-E752A390E370}.Debug|x86.ActiveCfg = Debug|x86
		{7DA6205C-D77D-4D0F-AFDE-E752A390E370}.Debug|x86.Build.0 = Debug|x86
		{7DA6205C-D77D-4D0F-AFDE-E752A390E370}.Debug|x86.Deploy.0 = Debug|x86
		{7DA6205C-D77D-4D0F-AFDE-E752A390E370}.Release|Any CPU.ActiveCfg = Release|Any CPU
		{7DA6205C-D77D-4D0F-AFDE-E752A390E370}.Release|Any CPU.Build.0 = Release|Any CPU
		{7DA6205C-D77D-4D0F-AFDE-E752A390E370}.Release|Any CPU.Deploy.0 = Release|Any CPU
		{7DA6205C-D77D-4D0F-AFDE-E752A390E370}.Release|ARM.ActiveCfg = Release|ARM
		{7DA6205C-D77D-4D0F-AFDE-E752A390E370}.Release|ARM.Build.0 = Release|ARM
		{7DA6205C-D77D-4D0F-AFDE-E752A390E370}.Release|ARM.Deploy.0 = Release|ARM
		{7DA6205C-D77D-4D0F-AFDE-E752A390E370}.Release|iPhone.ActiveCfg = Release|Any CPU
		{7DA6205C-D77D-4D0F-AFDE-E752A390E370}.Release|iPhone.Build.0 = Release|Any CPU
		{7DA6205C-D77D-4D0F-AFDE-E752A390E370}.Release|iPhone.Deploy.0 = Release|Any CPU
		{7DA6205C-D77D-4D0F-AFDE-E752A390E370}.Release|iPhoneSimulator.ActiveCfg = Release|Any CPU
		{7DA6205C-D77D-4D0F-AFDE-E752A390E370}.Release|iPhoneSimulator.Build.0 = Release|Any CPU
		{7DA6205C-D77D-4D0F-AFDE-E752A390E370}.Release|iPhoneSimulator.Deploy.0 = Release|Any CPU
		{7DA6205C-D77D-4D0F-AFDE-E752A390E370}.Release|x64.ActiveCfg = Release|x64
		{7DA6205C-D77D-4D0F-AFDE-E752A390E370}.Release|x64.Build.0 = Release|x64
		{7DA6205C-D77D-4D0F-AFDE-E752A390E370}.Release|x64.Deploy.0 = Release|x64
		{7DA6205C-D77D-4D0F-AFDE-E752A390E370}.Release|x86.ActiveCfg = Release|x86
		{7DA6205C-D77D-4D0F-AFDE-E752A390E370}.Release|x86.Build.0 = Release|x86
		{7DA6205C-D77D-4D0F-AFDE-E752A390E370}.Release|x86.Deploy.0 = Release|x86
		{B9B55698-2DA7-4444-B020-C6A2A3C822F1}.Debug|Any CPU.ActiveCfg = Debug|x86
		{B9B55698-2DA7-4444-B020-C6A2A3C822F1}.Debug|Any CPU.Build.0 = Debug|x86
		{B9B55698-2DA7-4444-B020-C6A2A3C822F1}.Debug|Any CPU.Deploy.0 = Debug|x86
		{B9B55698-2DA7-4444-B020-C6A2A3C822F1}.Debug|ARM.ActiveCfg = Debug|ARM
		{B9B55698-2DA7-4444-B020-C6A2A3C822F1}.Debug|ARM.Build.0 = Debug|ARM
		{B9B55698-2DA7-4444-B020-C6A2A3C822F1}.Debug|ARM.Deploy.0 = Debug|ARM
		{B9B55698-2DA7-4444-B020-C6A2A3C822F1}.Debug|iPhone.ActiveCfg = Debug|x86
		{B9B55698-2DA7-4444-B020-C6A2A3C822F1}.Debug|iPhoneSimulator.ActiveCfg = Debug|x86
		{B9B55698-2DA7-4444-B020-C6A2A3C822F1}.Debug|x64.ActiveCfg = Debug|x86
		{B9B55698-2DA7-4444-B020-C6A2A3C822F1}.Debug|x86.ActiveCfg = Debug|x86
		{B9B55698-2DA7-4444-B020-C6A2A3C822F1}.Debug|x86.Build.0 = Debug|x86
		{B9B55698-2DA7-4444-B020-C6A2A3C822F1}.Debug|x86.Deploy.0 = Debug|x86
		{B9B55698-2DA7-4444-B020-C6A2A3C822F1}.Release|Any CPU.ActiveCfg = Release|Any CPU
		{B9B55698-2DA7-4444-B020-C6A2A3C822F1}.Release|ARM.ActiveCfg = Release|ARM
		{B9B55698-2DA7-4444-B020-C6A2A3C822F1}.Release|ARM.Build.0 = Release|ARM
		{B9B55698-2DA7-4444-B020-C6A2A3C822F1}.Release|ARM.Deploy.0 = Release|ARM
		{B9B55698-2DA7-4444-B020-C6A2A3C822F1}.Release|iPhone.ActiveCfg = Release|Any CPU
		{B9B55698-2DA7-4444-B020-C6A2A3C822F1}.Release|iPhone.Build.0 = Release|Any CPU
		{B9B55698-2DA7-4444-B020-C6A2A3C822F1}.Release|iPhone.Deploy.0 = Release|Any CPU
		{B9B55698-2DA7-4444-B020-C6A2A3C822F1}.Release|iPhoneSimulator.ActiveCfg = Release|Any CPU
		{B9B55698-2DA7-4444-B020-C6A2A3C822F1}.Release|iPhoneSimulator.Build.0 = Release|Any CPU
		{B9B55698-2DA7-4444-B020-C6A2A3C822F1}.Release|iPhoneSimulator.Deploy.0 = Release|Any CPU
		{B9B55698-2DA7-4444-B020-C6A2A3C822F1}.Release|x64.ActiveCfg = Release|Any CPU
		{B9B55698-2DA7-4444-B020-C6A2A3C822F1}.Release|x86.ActiveCfg = Release|x86
		{6F4E945E-40D1-49C9-8402-128832D8C955}.Debug|Any CPU.ActiveCfg = Debug|x86
		{6F4E945E-40D1-49C9-8402-128832D8C955}.Debug|Any CPU.Build.0 = Debug|x86
		{6F4E945E-40D1-49C9-8402-128832D8C955}.Debug|Any CPU.Deploy.0 = Debug|x86
		{6F4E945E-40D1-49C9-8402-128832D8C955}.Debug|ARM.ActiveCfg = Debug|ARM
		{6F4E945E-40D1-49C9-8402-128832D8C955}.Debug|ARM.Build.0 = Debug|ARM
		{6F4E945E-40D1-49C9-8402-128832D8C955}.Debug|ARM.Deploy.0 = Debug|ARM
		{6F4E945E-40D1-49C9-8402-128832D8C955}.Debug|iPhone.ActiveCfg = Debug|x86
		{6F4E945E-40D1-49C9-8402-128832D8C955}.Debug|iPhoneSimulator.ActiveCfg = Debug|x86
		{6F4E945E-40D1-49C9-8402-128832D8C955}.Debug|x64.ActiveCfg = Debug|x64
		{6F4E945E-40D1-49C9-8402-128832D8C955}.Debug|x64.Build.0 = Debug|x64
		{6F4E945E-40D1-49C9-8402-128832D8C955}.Debug|x64.Deploy.0 = Debug|x64
		{6F4E945E-40D1-49C9-8402-128832D8C955}.Debug|x86.ActiveCfg = Debug|x86
		{6F4E945E-40D1-49C9-8402-128832D8C955}.Debug|x86.Build.0 = Debug|x86
		{6F4E945E-40D1-49C9-8402-128832D8C955}.Debug|x86.Deploy.0 = Debug|x86
		{6F4E945E-40D1-49C9-8402-128832D8C955}.Release|Any CPU.ActiveCfg = Release|x86
		{6F4E945E-40D1-49C9-8402-128832D8C955}.Release|ARM.ActiveCfg = Release|ARM
		{6F4E945E-40D1-49C9-8402-128832D8C955}.Release|ARM.Build.0 = Release|ARM
		{6F4E945E-40D1-49C9-8402-128832D8C955}.Release|ARM.Deploy.0 = Release|ARM
		{6F4E945E-40D1-49C9-8402-128832D8C955}.Release|iPhone.ActiveCfg = Release|x86
		{6F4E945E-40D1-49C9-8402-128832D8C955}.Release|iPhoneSimulator.ActiveCfg = Release|x86
		{6F4E945E-40D1-49C9-8402-128832D8C955}.Release|x64.ActiveCfg = Release|x64
		{6F4E945E-40D1-49C9-8402-128832D8C955}.Release|x64.Build.0 = Release|x64
		{6F4E945E-40D1-49C9-8402-128832D8C955}.Release|x64.Deploy.0 = Release|x64
		{6F4E945E-40D1-49C9-8402-128832D8C955}.Release|x86.ActiveCfg = Release|x86
		{6F4E945E-40D1-49C9-8402-128832D8C955}.Release|x86.Build.0 = Release|x86
		{6F4E945E-40D1-49C9-8402-128832D8C955}.Release|x86.Deploy.0 = Release|x86
	EndGlobalSection
	GlobalSection(SolutionProperties) = preSolution
		HideSolutionNode = FALSE
	EndGlobalSection
	GlobalSection(MonoDevelopProperties) = preSolution
		version = 5.0.0
	EndGlobalSection
EndGlobal
